
Microsoft Visual Studio Solution File, Format Version 12.00
# Visual Studio Version 17
VisualStudioVersion = 17.11.35327.3
MinimumVisualStudioVersion = 10.0.40219.1
Project("{FAE04EC0-301F-11D3-BF4B-00C04F79EFBC}") = "DHCardHelper.Data", "DHCardHelper.Data\DHCardHelper.Data.csproj", "{165B785E-BCD6-4728-86EB-D4F2F86D161C}"
EndProject
Project("{FAE04EC0-301F-11D3-BF4B-00C04F79EFBC}") = "DHCardHelper.Models", "DHCardHelper.Models\DHCardHelper.Models.csproj", "{0C13AA14-C472-4875-A6F4-1BA6E7DEA35D}"
EndProject
Project("{FAE04EC0-301F-11D3-BF4B-00C04F79EFBC}") = "DHCardHelper", "DHCardHelper\DHCardHelper.csproj", "{6EBD18C1-886E-6F4D-71BF-E6A87E63916C}"
EndProject
Global
	GlobalSection(SolutionConfigurationPlatforms) = preSolution
		Debug|Any CPU = Debug|Any CPU
		Release|Any CPU = Release|Any CPU
	EndGlobalSection
	GlobalSection(ProjectConfigurationPlatforms) = postSolution
		{165B785E-BCD6-4728-86EB-D4F2F86D161C}.Debug|Any CPU.ActiveCfg = Debug|Any CPU
		{165B785E-BCD6-4728-86EB-D4F2F86D161C}.Debug|Any CPU.Build.0 = Debug|Any CPU
		{165B785E-BCD6-4728-86EB-D4F2F86D161C}.Release|Any CPU.ActiveCfg = Release|Any CPU
		{165B785E-BCD6-4728-86EB-D4F2F86D161C}.Release|Any CPU.Build.0 = Release|Any CPU
		{0C13AA14-C472-4875-A6F4-1BA6E7DEA35D}.Debug|Any CPU.ActiveCfg = Debug|Any CPU
		{0C13AA14-C472-4875-A6F4-1BA6E7DEA35D}.Debug|Any CPU.Build.0 = Debug|Any CPU
		{0C13AA14-C472-4875-A6F4-1BA6E7DEA35D}.Release|Any CPU.ActiveCfg = Release|Any CPU
		{0C13AA14-C472-4875-A6F4-1BA6E7DEA35D}.Release|Any CPU.Build.0 = Release|Any CPU
		{6EBD18C1-886E-6F4D-71BF-E6A87E63916C}.Debug|Any CPU.ActiveCfg = Debug|Any CPU
		{6EBD18C1-886E-6F4D-71BF-E6A87E63916C}.Debug|Any CPU.Build.0 = Debug|Any CPU
		{6EBD18C1-886E-6F4D-71BF-E6A87E63916C}.Release|Any CPU.ActiveCfg = Release|Any CPU
		{6EBD18C1-886E-6F4D-71BF-E6A87E63916C}.Release|Any CPU.Build.0 = Release|Any CPU
	EndGlobalSection
	GlobalSection(SolutionProperties) = preSolution
		HideSolutionNode = FALSE
	EndGlobalSection
	GlobalSection(ExtensibilityGlobals) = postSolution
		SolutionGuid = {5C7AA82E-A17C-4EE0-BE2A-C749DD1AA54D}
	EndGlobalSection
EndGlobal
